{"format_version":"1.0","provider_schemas":{"registry.terraform.io/haooliveira/rabbitmq":{"provider":{"version":0,"block":{"attributes":{"cacert_file":{"type":"string","description_kind":"plain","optional":true},"clientcert_file":{"type":"string","description_kind":"plain","optional":true},"clientkey_file":{"type":"string","description_kind":"plain","optional":true},"endpoint":{"type":"string","description_kind":"plain","required":true},"insecure":{"type":"bool","description_kind":"plain","optional":true},"password":{"type":"string","description_kind":"plain","required":true},"proxy":{"type":"string","description_kind":"plain","optional":true},"username":{"type":"string","description_kind":"plain","required":true}},"description_kind":"plain"}},"resource_schemas":{"rabbitmq_binding":{"version":0,"block":{"attributes":{"arguments":{"type":["map","string"],"description_kind":"plain","optional":true},"arguments_json":{"type":"string","description_kind":"plain","optional":true},"destination":{"type":"string","description_kind":"plain","required":true},"destination_type":{"type":"string","description_kind":"plain","required":true},"id":{"type":"string","description_kind":"plain","optional":true,"computed":true},"properties_key":{"type":"string","description_kind":"plain","computed":true},"routing_key":{"type":"string","description_kind":"plain","optional":true},"source":{"type":"string","description_kind":"plain","required":true},"vhost":{"type":"string","description_kind":"plain","required":true}},"description_kind":"plain"}},"rabbitmq_exchange":{"version":0,"block":{"attributes":{"id":{"type":"string","description_kind":"plain","optional":true,"computed":true},"name":{"type":"string","description_kind":"plain","required":true},"vhost":{"type":"string","description_kind":"plain","optional":true}},"block_types":{"settings":{"nesting_mode":"list","block":{"attributes":{"arguments":{"type":["map","string"],"description_kind":"plain","optional":true},"auto_delete":{"type":"bool","description_kind":"plain","optional":true},"durable":{"type":"bool","description_kind":"plain","optional":true},"type":{"type":"string","description_kind":"plain","required":true}},"description_kind":"plain"},"min_items":1,"max_items":1}},"description_kind":"plain"}},"rabbitmq_federation_upstream":{"version":0,"block":{"attributes":{"component":{"type":"string","description_kind":"plain","computed":true},"id":{"type":"string","description_kind":"plain","optional":true,"computed":true},"name":{"type":"string","description_kind":"plain","required":true},"vhost":{"type":"string","description_kind":"plain","required":true}},"block_types":{"definition":{"nesting_mode":"list","block":{"attributes":{"ack_mode":{"type":"string","description_kind":"plain","optional":true},"exchange":{"type":"string","description_kind":"plain","optional":true},"expires":{"type":"number","description_kind":"plain","optional":true},"max_hops":{"type":"number","description_kind":"plain","optional":true},"message_ttl":{"type":"number","description_kind":"plain","optional":true},"prefetch_count":{"type":"number","description_kind":"plain","optional":true},"queue":{"type":"string","description_kind":"plain","optional":true},"reconnect_delay":{"type":"number","description_kind":"plain","optional":true},"trust_user_id":{"type":"bool","description_kind":"plain","optional":true},"uri":{"type":"string","description_kind":"plain","required":true,"sensitive":true}},"description_kind":"plain"},"min_items":1,"max_items":1}},"description_kind":"plain"}},"rabbitmq_operator_policy":{"version":0,"block":{"attributes":{"id":{"type":"string","description_kind":"plain","optional":true,"computed":true},"name":{"type":"string","description_kind":"plain","required":true},"vhost":{"type":"string","description_kind":"plain","required":true}},"block_types":{"policy":{"nesting_mode":"list","block":{"attributes":{"apply_to":{"type":"string","description_kind":"plain","required":true},"definition":{"type":["map","string"],"description_kind":"plain","required":true},"pattern":{"type":"string","description_kind":"plain","required":true},"priority":{"type":"number","description_kind":"plain","required":true}},"description_kind":"plain"},"min_items":1,"max_items":1}},"description_kind":"plain"}},"rabbitmq_permissions":{"version":0,"block":{"attributes":{"id":{"type":"string","description_kind":"plain","optional":true,"computed":true},"user":{"type":"string","description_kind":"plain","required":true},"vhost":{"type":"string","description_kind":"plain","optional":true}},"block_types":{"permissions":{"nesting_mode":"list","block":{"attributes":{"configure":{"type":"string","description_kind":"plain","required":true},"read":{"type":"string","description_kind":"plain","required":true},"write":{"type":"string","description_kind":"plain","required":true}},"description_kind":"plain"},"min_items":1,"max_items":1}},"description_kind":"plain"}},"rabbitmq_policy":{"version":0,"block":{"attributes":{"id":{"type":"string","description_kind":"plain","optional":true,"computed":true},"name":{"type":"string","description_kind":"plain","required":true},"vhost":{"type":"string","description_kind":"plain","required":true}},"block_types":{"policy":{"nesting_mode":"list","block":{"attributes":{"apply_to":{"type":"string","description_kind":"plain","required":true},"definition":{"type":["map","string"],"description_kind":"plain","required":true},"pattern":{"type":"string","description_kind":"plain","required":true},"priority":{"type":"number","description_kind":"plain","required":true}},"description_kind":"plain"},"min_items":1,"max_items":1}},"description_kind":"plain"}},"rabbitmq_queue":{"version":0,"block":{"attributes":{"id":{"type":"string","description_kind":"plain","optional":true,"computed":true},"name":{"type":"string","description_kind":"plain","required":true},"vhost":{"type":"string","description_kind":"plain","optional":true}},"block_types":{"settings":{"nesting_mode":"list","block":{"attributes":{"arguments":{"type":["map","string"],"description_kind":"plain","optional":true},"arguments_json":{"type":"string","description_kind":"plain","optional":true},"auto_delete":{"type":"bool","description_kind":"plain","optional":true},"durable":{"type":"bool","description_kind":"plain","optional":true}},"description_kind":"plain"},"min_items":1,"max_items":1}},"description_kind":"plain"}},"rabbitmq_shovel":{"version":0,"block":{"attributes":{"id":{"type":"string","description_kind":"plain","optional":true,"computed":true},"name":{"type":"string","description_kind":"plain","required":true},"vhost":{"type":"string","description_kind":"plain","required":true}},"block_types":{"info":{"nesting_mode":"list","block":{"attributes":{"ack_mode":{"type":"string","description_kind":"plain","optional":true},"add_forward_headers":{"type":"bool","description_kind":"plain","deprecated":true,"optional":true},"delete_after":{"type":"string","description_kind":"plain","deprecated":true,"optional":true},"destination_add_forward_headers":{"type":"bool","description_kind":"plain","optional":true},"destination_add_timestamp_header":{"type":"bool","description_kind":"plain","optional":true},"destination_address":{"type":"string","description_kind":"plain","optional":true},"destination_application_properties":{"type":"string","description_kind":"plain","optional":true},"destination_exchange":{"type":"string","description_kind":"plain","optional":true},"destination_exchange_key":{"type":"string","description_kind":"plain","optional":true},"destination_properties":{"type":"string","description_kind":"plain","optional":true},"destination_protocol":{"type":"string","description_kind":"plain","optional":true},"destination_publish_properties":{"type":"string","description_kind":"plain","optional":true},"destination_queue":{"type":"string","description_kind":"plain","optional":true},"destination_uri":{"type":"string","description_kind":"plain","required":true},"prefetch_count":{"type":"number","description_kind":"plain","deprecated":true,"optional":true},"reconnect_delay":{"type":"number","description_kind":"plain","optional":true},"source_address":{"type":"string","description_kind":"plain","optional":true},"source_delete_after":{"type":"string","description_kind":"plain","optional":true},"source_exchange":{"type":"string","description_kind":"plain","optional":true},"source_exchange_key":{"type":"string","description_kind":"plain","optional":true},"source_prefetch_count":{"type":"number","description_kind":"plain","optional":true},"source_protocol":{"type":"string","description_kind":"plain","optional":true},"source_queue":{"type":"string","description_kind":"plain","optional":true},"source_uri":{"type":"string","description_kind":"plain","required":true}},"description_kind":"plain"},"min_items":1,"max_items":1}},"description_kind":"plain"}},"rabbitmq_topic_permissions":{"version":0,"block":{"attributes":{"id":{"type":"string","description_kind":"plain","optional":true,"computed":true},"user":{"type":"string","description_kind":"plain","required":true},"vhost":{"type":"string","description_kind":"plain","optional":true}},"block_types":{"permissions":{"nesting_mode":"set","block":{"attributes":{"exchange":{"type":"string","description_kind":"plain","required":true},"read":{"type":"string","description_kind":"plain","required":true},"write":{"type":"string","description_kind":"plain","required":true}},"description_kind":"plain"},"min_items":1}},"description_kind":"plain"}},"rabbitmq_user":{"version":0,"block":{"attributes":{"id":{"type":"string","description_kind":"plain","optional":true,"computed":true},"name":{"type":"string","description_kind":"plain","required":true},"password":{"type":"string","description_kind":"plain","required":true,"sensitive":true},"tags":{"type":["list","string"],"description_kind":"plain","optional":true}},"description_kind":"plain"}},"rabbitmq_vhost":{"version":0,"block":{"attributes":{"id":{"type":"string","description_kind":"plain","optional":true,"computed":true},"name":{"type":"string","description_kind":"plain","required":true}},"description_kind":"plain"}}},"data_source_schemas":{"rabbitmq_exchange":{"version":0,"block":{"attributes":{"id":{"type":"string","description_kind":"plain","computed":true},"name":{"type":"string","description_kind":"plain","required":true},"settings":{"type":["list",["object",{"arguments":["map","string"],"auto_delete":"bool","durable":"bool","type":"string"}]],"description_kind":"plain","computed":true},"vhost":{"type":"string","description_kind":"plain","optional":true}},"description_kind":"plain"}},"rabbitmq_user":{"version":0,"block":{"attributes":{"id":{"type":"string","description_kind":"plain","computed":true},"name":{"type":"string","description_kind":"plain","required":true},"tags":{"type":["list","string"],"description_kind":"plain","computed":true}},"description_kind":"plain"}},"rabbitmq_vhost":{"version":0,"block":{"attributes":{"id":{"type":"string","description_kind":"plain","computed":true},"name":{"type":"string","description_kind":"plain","required":true}},"description_kind":"plain"}}}}}}
